
Microsoft Visual Studio Solution File, Format Version 12.00
# Visual Studio Version 17
VisualStudioVersion = 17.3.32929.385
MinimumVisualStudioVersion = 10.0.40219.1
Project("{FAE04EC0-301F-11D3-BF4B-00C04F79EFBC}") = "atletikaVB", "atletikaVB\atletikaVB.csproj", "{464E2585-C727-4F14-BE97-8AC38F4E62F7}"
EndProject
Global
	GlobalSection(SolutionConfigurationPlatforms) = preSolution
		Debug|Any CPU = Debug|Any CPU
		Release|Any CPU = Release|Any CPU
	EndGlobalSection
	GlobalSection(ProjectConfigurationPlatforms) = postSolution
		{464E2585-C727-4F14-BE97-8AC38F4E62F7}.Debug|Any CPU.ActiveCfg = Debug|Any CPU
		{464E2585-C727-4F14-BE97-8AC38F4E62F7}.Debug|Any CPU.Build.0 = Debug|Any CPU
		{464E2585-C727-4F14-BE97-8AC38F4E62F7}.Release|Any CPU.ActiveCfg = Release|Any CPU
		{464E2585-C727-4F14-BE97-8AC38F4E62F7}.Release|Any CPU.Build.0 = Release|Any CPU
	EndGlobalSection
	GlobalSection(SolutionProperties) = preSolution
		HideSolutionNode = FALSE
	EndGlobalSection
	GlobalSection(ExtensibilityGlobals) = postSolution
		SolutionGuid = {D7178B42-29F4-4722-A149-7AA0F1F1BE3A}
	EndGlobalSection
EndGlobal
